
Microsoft Visual Studio Solution File, Format Version 12.00
# Visual Studio Version 18
VisualStudioVersion = 18.7.11919.86
MinimumVisualStudioVersion = 10.0.40219.1
Project("{8BC9CEB8-8B4A-11D0-8D11-00A0C91BC942}") = "EDRi", "EDRi\EDRi.vcxproj", "{5148AB9F-922A-48DA-A335-DD6BDDCEF143}"
EndProject
Project("{8BC9CEB8-8B4A-11D0-8D11-00A0C91BC942}") = "InjectLoader", "InjectLoader\InjectLoader.vcxproj", "{377AA798-10D4-47EA-A2BA-406DECE3DCB5}"
EndProject
Project("{8BC9CEB8-8B4A-11D0-8D11-00A0C91BC942}") = "ETWDump", "misc\ETWDump\ETWDump.vcxproj", "{558A0A1C-D385-48EF-B2BD-D6381F8E551A}"
EndProject
Project("{8BC9CEB8-8B4A-11D0-8D11-00A0C91BC942}") = "InternalHooker", "misc\InternalHooks\InternalHooks.vcxproj", "{77D59DB4-8466-46ED-B313-3FC72AF9D9CA}"
EndProject
Project("{8BC9CEB8-8B4A-11D0-8D11-00A0C91BC942}") = "Tests", "Tests\Tests.vcxproj", "{7A5EA83D-162B-4B23-8C9C-E81905CC6420}"
EndProject
Project("{8BC9CEB8-8B4A-11D0-8D11-00A0C91BC942}") = "TestDLL", "Tests\TestDLL\TestDLL.vcxproj", "{0456C204-325A-4111-9522-9073ACBCB8E7}"
EndProject
Project("{8BC9CEB8-8B4A-11D0-8D11-00A0C91BC942}") = "TestEXE", "Tests\TestEXE\TestEXE.vcxproj", "{5D909219-9E5C-43DD-9F70-14B880ACA74F}"
EndProject
Global
	GlobalSection(SolutionConfigurationPlatforms) = preSolution
		Debug|x64 = Debug|x64
		Debug|x86 = Debug|x86
		Release|x64 = Release|x64
		Release|x86 = Release|x86
	EndGlobalSection
	GlobalSection(ProjectConfigurationPlatforms) = postSolution
		{5148AB9F-922A-48DA-A335-DD6BDDCEF143}.Debug|x64.ActiveCfg = Debug|x64
		{5148AB9F-922A-48DA-A335-DD6BDDCEF143}.Debug|x64.Build.0 = Debug|x64
		{5148AB9F-922A-48DA-A335-DD6BDDCEF143}.Debug|x86.ActiveCfg = Debug|Win32
		{5148AB9F-922A-48DA-A335-DD6BDDCEF143}.Debug|x86.Build.0 = Debug|Win32
		{5148AB9F-922A-48DA-A335-DD6BDDCEF143}.Release|x64.ActiveCfg = Release|x64
		{5148AB9F-922A-48DA-A335-DD6BDDCEF143}.Release|x64.Build.0 = Release|x64
		{5148AB9F-922A-48DA-A335-DD6BDDCEF143}.Release|x86.ActiveCfg = Release|Win32
		{5148AB9F-922A-48DA-A335-DD6BDDCEF143}.Release|x86.Build.0 = Release|Win32
		{377AA798-10D4-47EA-A2BA-406DECE3DCB5}.Debug|x64.ActiveCfg = Debug|x64
		{377AA798-10D4-47EA-A2BA-406DECE3DCB5}.Debug|x64.Build.0 = Debug|x64
		{377AA798-10D4-47EA-A2BA-406DECE3DCB5}.Debug|x86.ActiveCfg = Debug|Win32
		{377AA798-10D4-47EA-A2BA-406DECE3DCB5}.Debug|x86.Build.0 = Debug|Win32
		{377AA798-10D4-47EA-A2BA-406DECE3DCB5}.Release|x64.ActiveCfg = Release|x64
		{377AA798-10D4-47EA-A2BA-406DECE3DCB5}.Release|x64.Build.0 = Release|x64
		{377AA798-10D4-47EA-A2BA-406DECE3DCB5}.Release|x86.ActiveCfg = Release|Win32
		{377AA798-10D4-47EA-A2BA-406DECE3DCB5}.Release|x86.Build.0 = Release|Win32
		{558A0A1C-D385-48EF-B2BD-D6381F8E551A}.Debug|x64.ActiveCfg = Debug|x64
		{558A0A1C-D385-48EF-B2BD-D6381F8E551A}.Debug|x64.Build.0 = Debug|x64
		{558A0A1C-D385-48EF-B2BD-D6381F8E551A}.Debug|x86.ActiveCfg = Debug|Win32
		{558A0A1C-D385-48EF-B2BD-D6381F8E551A}.Debug|x86.Build.0 = Debug|Win32
		{558A0A1C-D385-48EF-B2BD-D6381F8E551A}.Release|x64.ActiveCfg = Release|x64
		{558A0A1C-D385-48EF-B2BD-D6381F8E551A}.Release|x64.Build.0 = Release|x64
		{558A0A1C-D385-48EF-B2BD-D6381F8E551A}.Release|x86.ActiveCfg = Release|Win32
		{558A0A1C-D385-48EF-B2BD-D6381F8E551A}.Release|x86.Build.0 = Release|Win32
		{77D59DB4-8466-46ED-B313-3FC72AF9D9CA}.Debug|x64.ActiveCfg = Debug|x64
		{77D59DB4-8466-46ED-B313-3FC72AF9D9CA}.Debug|x64.Build.0 = Debug|x64
		{77D59DB4-8466-46ED-B313-3FC72AF9D9CA}.Debug|x86.ActiveCfg = Debug|Win32
		{77D59DB4-8466-46ED-B313-3FC72AF9D9CA}.Debug|x86.Build.0 = Debug|Win32
		{77D59DB4-8466-46ED-B313-3FC72AF9D9CA}.Release|x64.ActiveCfg = Release|x64
		{77D59DB4-8466-46ED-B313-3FC72AF9D9CA}.Release|x64.Build.0 = Release|x64
		{77D59DB4-8466-46ED-B313-3FC72AF9D9CA}.Release|x86.ActiveCfg = Release|Win32
		{77D59DB4-8466-46ED-B313-3FC72AF9D9CA}.Release|x86.Build.0 = Release|Win32
		{7A5EA83D-162B-4B23-8C9C-E81905CC6420}.Debug|x64.ActiveCfg = Debug|x64
		{7A5EA83D-162B-4B23-8C9C-E81905CC6420}.Debug|x64.Build.0 = Debug|x64
		{7A5EA83D-162B-4B23-8C9C-E81905CC6420}.Debug|x86.ActiveCfg = Debug|Win32
		{7A5EA83D-162B-4B23-8C9C-E81905CC6420}.Debug|x86.Build.0 = Debug|Win32
		{7A5EA83D-162B-4B23-8C9C-E81905CC6420}.Release|x64.ActiveCfg = Release|x64
		{7A5EA83D-162B-4B23-8C9C-E81905CC6420}.Release|x64.Build.0 = Release|x64
		{7A5EA83D-162B-4B23-8C9C-E81905CC6420}.Release|x86.ActiveCfg = Release|Win32
		{7A5EA83D-162B-4B23-8C9C-E81905CC6420}.Release|x86.Build.0 = Release|Win32
		{0456C204-325A-4111-9522-9073ACBCB8E7}.Debug|x64.ActiveCfg = Debug|x64
		{0456C204-325A-4111-9522-9073ACBCB8E7}.Debug|x64.Build.0 = Debug|x64
		{0456C204-325A-4111-9522-9073ACBCB8E7}.Debug|x86.ActiveCfg = Debug|Win32
		{0456C204-325A-4111-9522-9073ACBCB8E7}.Debug|x86.Build.0 = Debug|Win32
		{0456C204-325A-4111-9522-9073ACBCB8E7}.Release|x64.ActiveCfg = Release|x64
		{0456C204-325A-4111-9522-9073ACBCB8E7}.Release|x64.Build.0 = Release|x64
		{0456C204-325A-4111-9522-9073ACBCB8E7}.Release|x86.ActiveCfg = Release|Win32
		{0456C204-325A-4111-9522-9073ACBCB8E7}.Release|x86.Build.0 = Release|Win32
		{5D909219-9E5C-43DD-9F70-14B880ACA74F}.Debug|x64.ActiveCfg = Debug|x64
		{5D909219-9E5C-43DD-9F70-14B880ACA74F}.Debug|x64.Build.0 = Debug|x64
		{5D909219-9E5C-43DD-9F70-14B880ACA74F}.Debug|x86.ActiveCfg = Debug|Win32
		{5D909219-9E5C-43DD-9F70-14B880ACA74F}.Debug|x86.Build.0 = Debug|Win32
		{5D909219-9E5C-43DD-9F70-14B880ACA74F}.Release|x64.ActiveCfg = Release|x64
		{5D909219-9E5C-43DD-9F70-14B880ACA74F}.Release|x64.Build.0 = Release|x64
		{5D909219-9E5C-43DD-9F70-14B880ACA74F}.Release|x86.ActiveCfg = Release|Win32
		{5D909219-9E5C-43DD-9F70-14B880ACA74F}.Release|x86.Build.0 = Release|Win32
	EndGlobalSection
	GlobalSection(SolutionProperties) = preSolution
		HideSolutionNode = FALSE
	EndGlobalSection
	GlobalSection(ExtensibilityGlobals) = postSolution
		SolutionGuid = {8333B908-1DE5-48A8-A1FE-1FB09D0678FD}
	EndGlobalSection
EndGlobal
