
Microsoft Visual Studio Solution File, Format Version 12.00
# Visual Studio Version 18
VisualStudioVersion = 18.7.11919.86
MinimumVisualStudioVersion = 10.0.40219.1
Project("{8BC9CEB8-8B4A-11D0-8D11-00A0C91BC942}") = "EDRi", "EDRi\EDRi.vcxproj", "{5148AB9F-922A-48DA-A335-DD6BDDCEF143}"
EndProject
Project("{8BC9CEB8-8B4A-11D0-8D11-00A0C91BC942}") = "InjectLoader", "InjectLoader\InjectLoader.vcxproj", "{377AA798-10D4-47EA-A2BA-406DECE3DCB5}"
EndProject
Project("{8BC9CEB8-8B4A-11D0-8D11-00A0C91BC942}") = "Tests", "Tests\Tests.vcxproj", "{7A5EA83D-162B-4B23-8C9C-E81905CC6420}"
EndProject
Project("{8BC9CEB8-8B4A-11D0-8D11-00A0C91BC942}") = "Handler", "misc\Handler\Handler.vcxproj", "{BA883A98-8CD7-4DCE-B66C-669E320F9DC3}"
EndProject
Global
	GlobalSection(SolutionConfigurationPlatforms) = preSolution
		Debug|x64 = Debug|x64
		Debug|x86 = Debug|x86
		Release|x64 = Release|x64
		Release|x86 = Release|x86
	EndGlobalSection
	GlobalSection(ProjectConfigurationPlatforms) = postSolution
		{5148AB9F-922A-48DA-A335-DD6BDDCEF143}.Debug|x64.ActiveCfg = Debug|x64
		{5148AB9F-922A-48DA-A335-DD6BDDCEF143}.Debug|x64.Build.0 = Debug|x64
		{5148AB9F-922A-48DA-A335-DD6BDDCEF143}.Debug|x86.ActiveCfg = Debug|Win32
		{5148AB9F-922A-48DA-A335-DD6BDDCEF143}.Debug|x86.Build.0 = Debug|Win32
		{5148AB9F-922A-48DA-A335-DD6BDDCEF143}.Release|x64.ActiveCfg = Release|x64
		{5148AB9F-922A-48DA-A335-DD6BDDCEF143}.Release|x64.Build.0 = Release|x64
		{5148AB9F-922A-48DA-A335-DD6BDDCEF143}.Release|x86.ActiveCfg = Release|Win32
		{5148AB9F-922A-48DA-A335-DD6BDDCEF143}.Release|x86.Build.0 = Release|Win32
		{377AA798-10D4-47EA-A2BA-406DECE3DCB5}.Debug|x64.ActiveCfg = Debug|x64
		{377AA798-10D4-47EA-A2BA-406DECE3DCB5}.Debug|x64.Build.0 = Debug|x64
		{377AA798-10D4-47EA-A2BA-406DECE3DCB5}.Debug|x86.ActiveCfg = Debug|Win32
		{377AA798-10D4-47EA-A2BA-406DECE3DCB5}.Debug|x86.Build.0 = Debug|Win32
		{377AA798-10D4-47EA-A2BA-406DECE3DCB5}.Release|x64.ActiveCfg = Release|x64
		{377AA798-10D4-47EA-A2BA-406DECE3DCB5}.Release|x64.Build.0 = Release|x64
		{377AA798-10D4-47EA-A2BA-406DECE3DCB5}.Release|x86.ActiveCfg = Release|Win32
		{377AA798-10D4-47EA-A2BA-406DECE3DCB5}.Release|x86.Build.0 = Release|Win32
		{7A5EA83D-162B-4B23-8C9C-E81905CC6420}.Debug|x64.ActiveCfg = Debug|x64
		{7A5EA83D-162B-4B23-8C9C-E81905CC6420}.Debug|x64.Build.0 = Debug|x64
		{7A5EA83D-162B-4B23-8C9C-E81905CC6420}.Debug|x86.ActiveCfg = Debug|Win32
		{7A5EA83D-162B-4B23-8C9C-E81905CC6420}.Debug|x86.Build.0 = Debug|Win32
		{7A5EA83D-162B-4B23-8C9C-E81905CC6420}.Release|x64.ActiveCfg = Release|x64
		{7A5EA83D-162B-4B23-8C9C-E81905CC6420}.Release|x64.Build.0 = Release|x64
		{7A5EA83D-162B-4B23-8C9C-E81905CC6420}.Release|x86.ActiveCfg = Release|Win32
		{7A5EA83D-162B-4B23-8C9C-E81905CC6420}.Release|x86.Build.0 = Release|Win32
		{BA883A98-8CD7-4DCE-B66C-669E320F9DC3}.Debug|x64.ActiveCfg = Debug|x64
		{BA883A98-8CD7-4DCE-B66C-669E320F9DC3}.Debug|x64.Build.0 = Debug|x64
		{BA883A98-8CD7-4DCE-B66C-669E320F9DC3}.Debug|x86.ActiveCfg = Debug|Win32
		{BA883A98-8CD7-4DCE-B66C-669E320F9DC3}.Debug|x86.Build.0 = Debug|Win32
		{BA883A98-8CD7-4DCE-B66C-669E320F9DC3}.Release|x64.ActiveCfg = Release|x64
		{BA883A98-8CD7-4DCE-B66C-669E320F9DC3}.Release|x64.Build.0 = Release|x64
		{BA883A98-8CD7-4DCE-B66C-669E320F9DC3}.Release|x86.ActiveCfg = Release|Win32
		{BA883A98-8CD7-4DCE-B66C-669E320F9DC3}.Release|x86.Build.0 = Release|Win32
	EndGlobalSection
	GlobalSection(SolutionProperties) = preSolution
		HideSolutionNode = FALSE
	EndGlobalSection
	GlobalSection(ExtensibilityGlobals) = postSolution
		SolutionGuid = {8333B908-1DE5-48A8-A1FE-1FB09D0678FD}
	EndGlobalSection
EndGlobal
